
Microsoft Visual Studio Solution File, Format Version 12.00
# Visual Studio Version 17
VisualStudioVersion = 17.4.33205.214
MinimumVisualStudioVersion = 10.0.40219.1
Project("{FAE04EC0-301F-11D3-BF4B-00C04F79EFBC}") = "AbstractBot", "AbstractBot\AbstractBot.csproj", "{0FE37C58-C26E-4D77-8841-3DE4282F8938}"
EndProject
Global
	GlobalSection(SolutionConfigurationPlatforms) = preSolution
		Debug|Any CPU = Debug|Any CPU
		Release|Any CPU = Release|Any CPU
	EndGlobalSection
	GlobalSection(ProjectConfigurationPlatforms) = postSolution
		{0FE37C58-C26E-4D77-8841-3DE4282F8938}.Debug|Any CPU.ActiveCfg = Debug|Any CPU
		{0FE37C58-C26E-4D77-8841-3DE4282F8938}.Debug|Any CPU.Build.0 = Debug|Any CPU
		{0FE37C58-C26E-4D77-8841-3DE4282F8938}.Release|Any CPU.ActiveCfg = Release|Any CPU
		{0FE37C58-C26E-4D77-8841-3DE4282F8938}.Release|Any CPU.Build.0 = Release|Any CPU
	EndGlobalSection
	GlobalSection(SolutionProperties) = preSolution
		HideSolutionNode = FALSE
	EndGlobalSection
	GlobalSection(ExtensibilityGlobals) = postSolution
		SolutionGuid = {0D77885E-57DB-40BC-B4FC-1C371B49C5FE}
	EndGlobalSection
EndGlobal
